
Microsoft Visual Studio Solution File, Format Version 12.00
# Visual Studio Version 17
VisualStudioVersion = 17.0.32002.185
MinimumVisualStudioVersion = 10.0.40219.1
Project("{FAE04EC0-301F-11D3-BF4B-00C04F79EFBC}") = "AngularTest", "AngularTest\AngularTest.csproj", "{F043E340-AB11-4E1D-A7A7-0BC0CF594A46}"
EndProject
Global
	GlobalSection(SolutionConfigurationPlatforms) = preSolution
		Debug|Any CPU = Debug|Any CPU
		Release|Any CPU = Release|Any CPU
	EndGlobalSection
	GlobalSection(ProjectConfigurationPlatforms) = postSolution
		{F043E340-AB11-4E1D-A7A7-0BC0CF594A46}.Debug|Any CPU.ActiveCfg = Debug|Any CPU
		{F043E340-AB11-4E1D-A7A7-0BC0CF594A46}.Debug|Any CPU.Build.0 = Debug|Any CPU
		{F043E340-AB11-4E1D-A7A7-0BC0CF594A46}.Release|Any CPU.ActiveCfg = Release|Any CPU
		{F043E340-AB11-4E1D-A7A7-0BC0CF594A46}.Release|Any CPU.Build.0 = Release|Any CPU
	EndGlobalSection
	GlobalSection(SolutionProperties) = preSolution
		HideSolutionNode = FALSE
	EndGlobalSection
	GlobalSection(ExtensibilityGlobals) = postSolution
		SolutionGuid = {D2635BE8-7902-41A0-9197-3A3620FEDE95}
	EndGlobalSection
EndGlobal
